
Microsoft Visual Studio Solution File, Format Version 12.00
# Visual Studio Version 16
VisualStudioVersion = 16.0.30128.74
MinimumVisualStudioVersion = 10.0.40219.1
Project("{FAE04EC0-301F-11D3-BF4B-00C04F79EFBC}") = "SnowflakeDatabaseProvider", "SnowflakeDatabaseProvider.csproj", "{2D8DE026-833E-4E5F-9C7A-F48483E36985}"
EndProject
Global
	GlobalSection(SolutionConfigurationPlatforms) = preSolution
		Debug|Any CPU = Debug|Any CPU
		Release|Any CPU = Release|Any CPU
	EndGlobalSection
	GlobalSection(ProjectConfigurationPlatforms) = postSolution
		{2D8DE026-833E-4E5F-9C7A-F48483E36985}.Debug|Any CPU.ActiveCfg = Debug|Any CPU
		{2D8DE026-833E-4E5F-9C7A-F48483E36985}.Debug|Any CPU.Build.0 = Debug|Any CPU
		{2D8DE026-833E-4E5F-9C7A-F48483E36985}.Release|Any CPU.ActiveCfg = Release|Any CPU
		{2D8DE026-833E-4E5F-9C7A-F48483E36985}.Release|Any CPU.Build.0 = Release|Any CPU
	EndGlobalSection
	GlobalSection(SolutionProperties) = preSolution
		HideSolutionNode = FALSE
	EndGlobalSection
	GlobalSection(ExtensibilityGlobals) = postSolution
		SolutionGuid = {6B2505E5-7DD3-43AA-A344-E7E00468ADEB}
	EndGlobalSection
EndGlobal
